<?xml version="1.0" encoding="utf-8"?>
<Project ToolsVersion="4.0" xmlns="http://schemas.microsoft.com/developer/msbuild/2003">
  <ItemGroup>
    <Filter Include="Assets">
      <UniqueIdentifier>b9a5429d-dfbf-4b6c-9c96-70a79ba2b8f9</UniqueIdentifier>
      <Extensions>ico;cur;bmp;dds;dlg;fbx;rct;bin;rgs;gif;jpg;jpeg;jpe;resx;tga;tiff;tif;png;wav;mfcribbon-ms</Extensions>
    </Filter>
    <Filter Include="DirectXResourse">
      <UniqueIdentifier>{8455f0bd-d7bc-4a50-84bf-203492e23b39}</UniqueIdentifier>
    </Filter>
    <Filter Include="Camera">
      <UniqueIdentifier>{e5bc5a95-05a5-475f-87ce-f305b70d2762}</UniqueIdentifier>
    </Filter>
    <Filter Include="Camera\DebugCamera">
      <UniqueIdentifier>{8500c399-463e-44eb-aa06-1611950a0f40}</UniqueIdentifier>
    </Filter>
    <Filter Include="DirectXResourse\Line">
      <UniqueIdentifier>{1243ee27-3749-4cba-85d3-e66a497ed281}</UniqueIdentifier>
    </Filter>
  </ItemGroup>
  <ItemGroup>
    <ClInclude Include="pch.h" />
    <ClInclude Include="Game.h" />
    <ClInclude Include="StepTimer.h" />
    <ClInclude Include="DirectXResourse\DirectXResourse.h">
      <Filter>DirectXResourse</Filter>
    </ClInclude>
    <ClInclude Include="Camera\Camera.h">
      <Filter>Camera</Filter>
    </ClInclude>
    <ClInclude Include="Camera\DebugCamera\DebugCamera.h">
      <Filter>Camera\DebugCamera</Filter>
    </ClInclude>
    <ClInclude Include="DirectXResourse\Line\Line.h">
      <Filter>DirectXResourse\Line</Filter>
    </ClInclude>
  </ItemGroup>
  <ItemGroup>
    <ClCompile Include="pch.cpp" />
    <ClCompile Include="Game.cpp" />
    <ClCompile Include="Main.cpp" />
    <ClCompile Include="DirectXResourse\DirectXResourse.cpp">
      <Filter>DirectXResourse</Filter>
    </ClCompile>
    <ClCompile Include="Camera\Camera.cpp">
      <Filter>Camera</Filter>
    </ClCompile>
    <ClCompile Include="Camera\DebugCamera\DebugCamera.cpp">
      <Filter>Camera\DebugCamera</Filter>
    </ClCompile>
    <ClCompile Include="DirectXResourse\Line\Line.cpp">
      <Filter>DirectXResourse\Line</Filter>
    </ClCompile>
  </ItemGroup>
  <ItemGroup>
    <ResourceCompile Include="resource.rc" />
  </ItemGroup>
  <ItemGroup>
    <Image Include="directx.ico">
      <Filter>Assets</Filter>
    </Image>
  </ItemGroup>
  <ItemGroup>
    <Manifest Include="settings.manifest">
      <Filter>Assets</Filter>
    </Manifest>
  </ItemGroup>
</Project>